
Microsoft Visual Studio Solution File, Format Version 12.00
# Visual Studio Version 16
VisualStudioVersion = 16.0.808.10
MinimumVisualStudioVersion = 10.0.40219.1
Project("{FAE04EC0-301F-11D3-BF4B-00C04F79EFBC}") = "jurnal_mod7", "jurnal_mod7\jurnal_mod7.csproj", "{D507F141-0725-4653-BA38-4E9DAE91482C}"
EndProject
Global
	GlobalSection(SolutionConfigurationPlatforms) = preSolution
		Debug|Any CPU = Debug|Any CPU
		Release|Any CPU = Release|Any CPU
	EndGlobalSection
	GlobalSection(ProjectConfigurationPlatforms) = postSolution
		{D507F141-0725-4653-BA38-4E9DAE91482C}.Debug|Any CPU.ActiveCfg = Debug|Any CPU
		{D507F141-0725-4653-BA38-4E9DAE91482C}.Debug|Any CPU.Build.0 = Debug|Any CPU
		{D507F141-0725-4653-BA38-4E9DAE91482C}.Release|Any CPU.ActiveCfg = Release|Any CPU
		{D507F141-0725-4653-BA38-4E9DAE91482C}.Release|Any CPU.Build.0 = Release|Any CPU
	EndGlobalSection
	GlobalSection(SolutionProperties) = preSolution
		HideSolutionNode = FALSE
	EndGlobalSection
	GlobalSection(ExtensibilityGlobals) = postSolution
		SolutionGuid = {8FEA1F81-02D2-4272-BA69-C613DB345002}
	EndGlobalSection
EndGlobal
